// !$*UTF8*$!
{
	archiveVersion = 1;
	classes = {
	};
	objectVersion = 50;
	objects = {

/* Begin PBXBuildFile section */
		1AFDFA70252B7DA700A30BFC /* AppDelegate.swift in Sources */ = {isa = PBXBuildFile; fileRef = 1AFDFA6F252B7DA700A30BFC /* AppDelegate.swift */; };
		1AFDFA72252B7DA700A30BFC /* SceneDelegate.swift in Sources */ = {isa = PBXBuildFile; fileRef = 1AFDFA71252B7DA700A30BFC /* SceneDelegate.swift */; };
		1AFDFA74252B7DA700A30BFC /* ChatViewController.swift in Sources */ = {isa = PBXBuildFile; fileRef = 1AFDFA73252B7DA700A30BFC /* ChatViewController.swift */; };
		1AFDFA77252B7DA700A30BFC /* Main.storyboard in Resources */ = {isa = PBXBuildFile; fileRef = 1AFDFA75252B7DA700A30BFC /* Main.storyboard */; };
		1AFDFA79252B7DA700A30BFC /* Assets.xcassets in Resources */ = {isa = PBXBuildFile; fileRef = 1AFDFA78252B7DA700A30BFC /* Assets.xcassets */; };
		1AFDFA7C252B7DA700A30BFC /* LaunchScreen.storyboard in Resources */ = {isa = PBXBuildFile; fileRef = 1AFDFA7A252B7DA700A30BFC /* LaunchScreen.storyboard */; };
		1AFDFA87252B94FF00A30BFC /* AllyChatTableViewController.swift in Sources */ = {isa = PBXBuildFile; fileRef = 1AFDFA86252B94FF00A30BFC /* AllyChatTableViewController.swift */; };
		1AFDFA9C252DCEF800A30BFC /* AllyChatBubbleTableViewCell.swift in Sources */ = {isa = PBXBuildFile; fileRef = 1AFDFA9B252DCEF800A30BFC /* AllyChatBubbleTableViewCell.swift */; };
		1AFDFAA0252DD71F00A30BFC /* Message.swift in Sources */ = {isa = PBXBuildFile; fileRef = 1AFDFA9F252DD71F00A30BFC /* Message.swift */; };
		1AFDFAA8252DDF4100A30BFC /* ChatInputTableViewCell.swift in Sources */ = {isa = PBXBuildFile; fileRef = 1AFDFAA7252DDF4100A30BFC /* ChatInputTableViewCell.swift */; };
		1AFDFAAC252DDF4A00A30BFC /* ChatInputTableViewController.swift in Sources */ = {isa = PBXBuildFile; fileRef = 1AFDFAAB252DDF4A00A30BFC /* ChatInputTableViewController.swift */; };
		1AFDFAB0252ECE0000A30BFC /* BotFlowNode.swift in Sources */ = {isa = PBXBuildFile; fileRef = 1AFDFAAF252ECE0000A30BFC /* BotFlowNode.swift */; };
		1AFDFD2025365CF700A30BFC /* Constants.swift in Sources */ = {isa = PBXBuildFile; fileRef = 1AFDFD1F25365CF700A30BFC /* Constants.swift */; };
		1AFDFD232536696A00A30BFC /* nurse.mov in Resources */ = {isa = PBXBuildFile; fileRef = 1AFDFD222536696A00A30BFC /* nurse.mov */; };
		1AFDFD282536698300A30BFC /* VideoCallViewController.swift in Sources */ = {isa = PBXBuildFile; fileRef = 1AFDFD272536698300A30BFC /* VideoCallViewController.swift */; };
/* End PBXBuildFile section */

/* Begin PBXFileReference section */
		1AFDFA6C252B7DA700A30BFC /* Ally.app */ = {isa = PBXFileReference; explicitFileType = wrapper.application; includeInIndex = 0; path = Ally.app; sourceTree = BUILT_PRODUCTS_DIR; };
		1AFDFA6F252B7DA700A30BFC /* AppDelegate.swift */ = {isa = PBXFileReference; lastKnownFileType = sourcecode.swift; path = AppDelegate.swift; sourceTree = "<group>"; };
		1AFDFA71252B7DA700A30BFC /* SceneDelegate.swift */ = {isa = PBXFileReference; lastKnownFileType = sourcecode.swift; path = SceneDelegate.swift; sourceTree = "<group>"; };
		1AFDFA73252B7DA700A30BFC /* ChatViewController.swift */ = {isa = PBXFileReference; lastKnownFileType = sourcecode.swift; path = ChatViewController.swift; sourceTree = "<group>"; };
		1AFDFA76252B7DA700A30BFC /* Base */ = {isa = PBXFileReference; lastKnownFileType = file.storyboard; name = Base; path = Base.lproj/Main.storyboard; sourceTree = "<group>"; };
		1AFDFA78252B7DA700A30BFC /* Assets.xcassets */ = {isa = PBXFileReference; lastKnownFileType = folder.assetcatalog; path = Assets.xcassets; sourceTree = "<group>"; };
		1AFDFA7B252B7DA700A30BFC /* Base */ = {isa = PBXFileReference; lastKnownFileType = file.storyboard; name = Base; path = Base.lproj/LaunchScreen.storyboard; sourceTree = "<group>"; };
		1AFDFA7D252B7DA700A30BFC /* Info.plist */ = {isa = PBXFileReference; lastKnownFileType = text.plist.xml; path = Info.plist; sourceTree = "<group>"; };
		1AFDFA86252B94FF00A30BFC /* AllyChatTableViewController.swift */ = {isa = PBXFileReference; lastKnownFileType = sourcecode.swift; path = AllyChatTableViewController.swift; sourceTree = "<group>"; };
		1AFDFA9B252DCEF800A30BFC /* AllyChatBubbleTableViewCell.swift */ = {isa = PBXFileReference; lastKnownFileType = sourcecode.swift; path = AllyChatBubbleTableViewCell.swift; sourceTree = "<group>"; };
		1AFDFA9F252DD71F00A30BFC /* Message.swift */ = {isa = PBXFileReference; lastKnownFileType = sourcecode.swift; path = Message.swift; sourceTree = "<group>"; };
		1AFDFAA7252DDF4100A30BFC /* ChatInputTableViewCell.swift */ = {isa = PBXFileReference; lastKnownFileType = sourcecode.swift; path = ChatInputTableViewCell.swift; sourceTree = "<group>"; };
		1AFDFAAB252DDF4A00A30BFC /* ChatInputTableViewController.swift */ = {isa = PBXFileReference; lastKnownFileType = sourcecode.swift; path = ChatInputTableViewController.swift; sourceTree = "<group>"; };
		1AFDFAAF252ECE0000A30BFC /* BotFlowNode.swift */ = {isa = PBXFileReference; lastKnownFileType = sourcecode.swift; path = BotFlowNode.swift; sourceTree = "<group>"; };
		1AFDFD1F25365CF700A30BFC /* Constants.swift */ = {isa = PBXFileReference; lastKnownFileType = sourcecode.swift; path = Constants.swift; sourceTree = "<group>"; };
		1AFDFD222536696A00A30BFC /* nurse.mov */ = {isa = PBXFileReference; lastKnownFileType = video.quicktime; path = nurse.mov; sourceTree = "<group>"; };
		1AFDFD272536698300A30BFC /* VideoCallViewController.swift */ = {isa = PBXFileReference; lastKnownFileType = sourcecode.swift; path = VideoCallViewController.swift; sourceTree = "<group>"; };
/* End PBXFileReference section */

/* Begin PBXFrameworksBuildPhase section */
		1AFDFA69252B7DA600A30BFC /* Frameworks */ = {
			isa = PBXFrameworksBuildPhase;
			buildActionMask = 2147483647;
			files = (
			);
			runOnlyForDeploymentPostprocessing = 0;
		};
/* End PBXFrameworksBuildPhase section */

/* Begin PBXGroup section */
		1AFDFA63252B7DA600A30BFC = {
			isa = PBXGroup;
			children = (
				1AFDFA6E252B7DA700A30BFC /* Ally */,
				1AFDFA6D252B7DA700A30BFC /* Products */,
			);
			sourceTree = "<group>";
		};
		1AFDFA6D252B7DA700A30BFC /* Products */ = {
			isa = PBXGroup;
			children = (
				1AFDFA6C252B7DA700A30BFC /* Ally.app */,
			);
			name = Products;
			sourceTree = "<group>";
		};
		1AFDFA6E252B7DA700A30BFC /* Ally */ = {
			isa = PBXGroup;
			children = (
				1AFDFD262536697700A30BFC /* Video Call */,
				1AFDFD222536696A00A30BFC /* nurse.mov */,
				1AFDFA9E252DD71600A30BFC /* Model */,
				1AFDFA85252B94F400A30BFC /* Chat */,
				1AFDFA6F252B7DA700A30BFC /* AppDelegate.swift */,
				1AFDFA71252B7DA700A30BFC /* SceneDelegate.swift */,
				1AFDFA75252B7DA700A30BFC /* Main.storyboard */,
				1AFDFA78252B7DA700A30BFC /* Assets.xcassets */,
				1AFDFA7A252B7DA700A30BFC /* LaunchScreen.storyboard */,
				1AFDFA7D252B7DA700A30BFC /* Info.plist */,
			);
			path = Ally;
			sourceTree = "<group>";
		};
		1AFDFA85252B94F400A30BFC /* Chat */ = {
			isa = PBXGroup;
			children = (
				1AFDFAA6252DDF3300A30BFC /* Chat Input */,
				1AFDFA73252B7DA700A30BFC /* ChatViewController.swift */,
				1AFDFA86252B94FF00A30BFC /* AllyChatTableViewController.swift */,
				1AFDFA9B252DCEF800A30BFC /* AllyChatBubbleTableViewCell.swift */,
				1AFDFD1F25365CF700A30BFC /* Constants.swift */,
			);
			path = Chat;
			sourceTree = "<group>";
		};
		1AFDFA9E252DD71600A30BFC /* Model */ = {
			isa = PBXGroup;
			children = (
				1AFDFA9F252DD71F00A30BFC /* Message.swift */,
				1AFDFAAF252ECE0000A30BFC /* BotFlowNode.swift */,
			);
			path = Model;
			sourceTree = "<group>";
		};
		1AFDFAA6252DDF3300A30BFC /* Chat Input */ = {
			isa = PBXGroup;
			children = (
				1AFDFAA7252DDF4100A30BFC /* ChatInputTableViewCell.swift */,
				1AFDFAAB252DDF4A00A30BFC /* ChatInputTableViewController.swift */,
			);
			path = "Chat Input";
			sourceTree = "<group>";
		};
		1AFDFD262536697700A30BFC /* Video Call */ = {
			isa = PBXGroup;
			children = (
				1AFDFD272536698300A30BFC /* VideoCallViewController.swift */,
			);
			path = "Video Call";
			sourceTree = "<group>";
		};
/* End PBXGroup section */

/* Begin PBXNativeTarget section */
		1AFDFA6B252B7DA600A30BFC /* Ally */ = {
			isa = PBXNativeTarget;
			buildConfigurationList = 1AFDFA80252B7DA700A30BFC /* Build configuration list for PBXNativeTarget "Ally" */;
			buildPhases = (
				1AFDFA68252B7DA600A30BFC /* Sources */,
				1AFDFA69252B7DA600A30BFC /* Frameworks */,
				1AFDFA6A252B7DA600A30BFC /* Resources */,
			);
			buildRules = (
			);
			dependencies = (
			);
			name = Ally;
			productName = Ally;
			productReference = 1AFDFA6C252B7DA700A30BFC /* Ally.app */;
			productType = "com.apple.product-type.application";
		};
/* End PBXNativeTarget section */

/* Begin PBXProject section */
		1AFDFA64252B7DA600A30BFC /* Project object */ = {
			isa = PBXProject;
			attributes = {
				LastSwiftUpdateCheck = 1200;
				LastUpgradeCheck = 1200;
				TargetAttributes = {
					1AFDFA6B252B7DA600A30BFC = {
						CreatedOnToolsVersion = 12.0;
					};
				};
			};
			buildConfigurationList = 1AFDFA67252B7DA600A30BFC /* Build configuration list for PBXProject "Ally" */;
			compatibilityVersion = "Xcode 9.3";
			developmentRegion = en;
			hasScannedForEncodings = 0;
			knownRegions = (
				en,
				Base,
			);
			mainGroup = 1AFDFA63252B7DA600A30BFC;
			productRefGroup = 1AFDFA6D252B7DA700A30BFC /* Products */;
			projectDirPath = "";
			projectRoot = "";
			targets = (
				1AFDFA6B252B7DA600A30BFC /* Ally */,
			);
		};
/* End PBXProject section */

/* Begin PBXResourcesBuildPhase section */
		1AFDFA6A252B7DA600A30BFC /* Resources */ = {
			isa = PBXResourcesBuildPhase;
			buildActionMask = 2147483647;
			files = (
				1AFDFA7C252B7DA700A30BFC /* LaunchScreen.storyboard in Resources */,
				1AFDFA79252B7DA700A30BFC /* Assets.xcassets in Resources */,
				1AFDFD232536696A00A30BFC /* nurse.mov in Resources */,
				1AFDFA77252B7DA700A30BFC /* Main.storyboard in Resources */,
			);
			runOnlyForDeploymentPostprocessing = 0;
		};
/* End PBXResourcesBuildPhase section */

/* Begin PBXSourcesBuildPhase section */
		1AFDFA68252B7DA600A30BFC /* Sources */ = {
			isa = PBXSourcesBuildPhase;
			buildActionMask = 2147483647;
			files = (
				1AFDFA74252B7DA700A30BFC /* ChatViewController.swift in Sources */,
				1AFDFAB0252ECE0000A30BFC /* BotFlowNode.swift in Sources */,
				1AFDFAAC252DDF4A00A30BFC /* ChatInputTableViewController.swift in Sources */,
				1AFDFA70252B7DA700A30BFC /* AppDelegate.swift in Sources */,
				1AFDFAA8252DDF4100A30BFC /* ChatInputTableViewCell.swift in Sources */,
				1AFDFD2025365CF700A30BFC /* Constants.swift in Sources */,
				1AFDFA72252B7DA700A30BFC /* SceneDelegate.swift in Sources */,
				1AFDFAA0252DD71F00A30BFC /* Message.swift in Sources */,
				1AFDFA87252B94FF00A30BFC /* AllyChatTableViewController.swift in Sources */,
				1AFDFD282536698300A30BFC /* VideoCallViewController.swift in Sources */,
				1AFDFA9C252DCEF800A30BFC /* AllyChatBubbleTableViewCell.swift in Sources */,
			);
			runOnlyForDeploymentPostprocessing = 0;
		};
/* End PBXSourcesBuildPhase section */

/* Begin PBXVariantGroup section */
		1AFDFA75252B7DA700A30BFC /* Main.storyboard */ = {
			isa = PBXVariantGroup;
			children = (
				1AFDFA76252B7DA700A30BFC /* Base */,
			);
			name = Main.storyboard;
			sourceTree = "<group>";
		};
		1AFDFA7A252B7DA700A30BFC /* LaunchScreen.storyboard */ = {
			isa = PBXVariantGroup;
			children = (
				1AFDFA7B252B7DA700A30BFC /* Base */,
			);
			name = LaunchScreen.storyboard;
			sourceTree = "<group>";
		};
/* End PBXVariantGroup section */

/* Begin XCBuildConfiguration section */
		1AFDFA7E252B7DA700A30BFC /* Debug */ = {
			isa = XCBuildConfiguration;
			buildSettings = {
				ALWAYS_SEARCH_USER_PATHS = NO;
				CLANG_ANALYZER_NONNULL = YES;
				CLANG_ANALYZER_NUMBER_OBJECT_CONVERSION = YES_AGGRESSIVE;
				CLANG_CXX_LANGUAGE_STANDARD = "gnu++14";
				CLANG_CXX_LIBRARY = "libc++";
				CLANG_ENABLE_MODULES = YES;
				CLANG_ENABLE_OBJC_ARC = YES;
				CLANG_ENABLE_OBJC_WEAK = YES;
				CLANG_WARN_BLOCK_CAPTURE_AUTORELEASING = YES;
				CLANG_WARN_BOOL_CONVERSION = YES;
				CLANG_WARN_COMMA = YES;
				CLANG_WARN_CONSTANT_CONVERSION = YES;
				CLANG_WARN_DEPRECATED_OBJC_IMPLEMENTATIONS = YES;
				CLANG_WARN_DIRECT_OBJC_ISA_USAGE = YES_ERROR;
				CLANG_WARN_DOCUMENTATION_COMMENTS = YES;
				CLANG_WARN_EMPTY_BODY = YES;
				CLANG_WARN_ENUM_CONVERSION = YES;
				CLANG_WARN_INFINITE_RECURSION = YES;
				CLANG_WARN_INT_CONVERSION = YES;
				CLANG_WARN_NON_LITERAL_NULL_CONVERSION = YES;
				CLANG_WARN_OBJC_IMPLICIT_RETAIN_SELF = YES;
				CLANG_WARN_OBJC_LITERAL_CONVERSION = YES;
				CLANG_WARN_OBJC_ROOT_CLASS = YES_ERROR;
				CLANG_WARN_QUOTED_INCLUDE_IN_FRAMEWORK_HEADER = YES;
				CLANG_WARN_RANGE_LOOP_ANALYSIS = YES;
				CLANG_WARN_STRICT_PROTOTYPES = YES;
				CLANG_WARN_SUSPICIOUS_MOVE = YES;
				CLANG_WARN_UNGUARDED_AVAILABILITY = YES_AGGRESSIVE;
				CLANG_WARN_UNREACHABLE_CODE = YES;
				CLANG_WARN__DUPLICATE_METHOD_MATCH = YES;
				COPY_PHASE_STRIP = NO;
				DEBUG_INFORMATION_FORMAT = dwarf;
				ENABLE_STRICT_OBJC_MSGSEND = YES;
				ENABLE_TESTABILITY = YES;
				GCC_C_LANGUAGE_STANDARD = gnu11;
				GCC_DYNAMIC_NO_PIC = NO;
				GCC_NO_COMMON_BLOCKS = YES;
				GCC_OPTIMIZATION_LEVEL = 0;
				GCC_PREPROCESSOR_DEFINITIONS = (
					"DEBUG=1",
					"$(inherited)",
				);
				GCC_WARN_64_TO_32_BIT_CONVERSION = YES;
				GCC_WARN_ABOUT_RETURN_TYPE = YES_ERROR;
				GCC_WARN_UNDECLARED_SELECTOR = YES;
				GCC_WARN_UNINITIALIZED_AUTOS = YES_AGGRESSIVE;
				GCC_WARN_UNUSED_FUNCTION = YES;
				GCC_WARN_UNUSED_VARIABLE = YES;
				IPHONEOS_DEPLOYMENT_TARGET = 14.0;
				MTL_ENABLE_DEBUG_INFO = INCLUDE_SOURCE;
				MTL_FAST_MATH = YES;
				ONLY_ACTIVE_ARCH = YES;
				SDKROOT = iphoneos;
				SWIFT_ACTIVE_COMPILATION_CONDITIONS = DEBUG;
				SWIFT_OPTIMIZATION_LEVEL = "-Onone";
			};
			name = Debug;
		};
		1AFDFA7F252B7DA700A30BFC /* Release */ = {
			isa = XCBuildConfiguration;
			buildSettings = {
				ALWAYS_SEARCH_USER_PATHS = NO;
				CLANG_ANALYZER_NONNULL = YES;
				CLANG_ANALYZER_NUMBER_OBJECT_CONVERSION = YES_AGGRESSIVE;
				CLANG_CXX_LANGUAGE_STANDARD = "gnu++14";
				CLANG_CXX_LIBRARY = "libc++";
				CLANG_ENABLE_MODULES = YES;
				CLANG_ENABLE_OBJC_ARC = YES;
				CLANG_ENABLE_OBJC_WEAK = YES;
				CLANG_WARN_BLOCK_CAPTURE_AUTORELEASING = YES;
				CLANG_WARN_BOOL_CONVERSION = YES;
				CLANG_WARN_COMMA = YES;
				CLANG_WARN_CONSTANT_CONVERSION = YES;
				CLANG_WARN_DEPRECATED_OBJC_IMPLEMENTATIONS = YES;
				CLANG_WARN_DIRECT_OBJC_ISA_USAGE = YES_ERROR;
				CLANG_WARN_DOCUMENTATION_COMMENTS = YES;
				CLANG_WARN_EMPTY_BODY = YES;
				CLANG_WARN_ENUM_CONVERSION = YES;
				CLANG_WARN_INFINITE_RECURSION = YES;
				CLANG_WARN_INT_CONVERSION = YES;
				CLANG_WARN_NON_LITERAL_NULL_CONVERSION = YES;
				CLANG_WARN_OBJC_IMPLICIT_RETAIN_SELF = YES;
				CLANG_WARN_OBJC_LITERAL_CONVERSION = YES;
				CLANG_WARN_OBJC_ROOT_CLASS = YES_ERROR;
				CLANG_WARN_QUOTED_INCLUDE_IN_FRAMEWORK_HEADER = YES;
				CLANG_WARN_RANGE_LOOP_ANALYSIS = YES;
				CLANG_WARN_STRICT_PROTOTYPES = YES;
				CLANG_WARN_SUSPICIOUS_MOVE = YES;
				CLANG_WARN_UNGUARDED_AVAILABILITY = YES_AGGRESSIVE;
				CLANG_WARN_UNREACHABLE_CODE = YES;
				CLANG_WARN__DUPLICATE_METHOD_MATCH = YES;
				COPY_PHASE_STRIP = NO;
				DEBUG_INFORMATION_FORMAT = "dwarf-with-dsym";
				ENABLE_NS_ASSERTIONS = NO;
				ENABLE_STRICT_OBJC_MSGSEND = YES;
				GCC_C_LANGUAGE_STANDARD = gnu11;
				GCC_NO_COMMON_BLOCKS = YES;
				GCC_WARN_64_TO_32_BIT_CONVERSION = YES;
				GCC_WARN_ABOUT_RETURN_TYPE = YES_ERROR;
				GCC_WARN_UNDECLARED_SELECTOR = YES;
				GCC_WARN_UNINITIALIZED_AUTOS = YES_AGGRESSIVE;
				GCC_WARN_UNUSED_FUNCTION = YES;
				GCC_WARN_UNUSED_VARIABLE = YES;
				IPHONEOS_DEPLOYMENT_TARGET = 14.0;
				MTL_ENABLE_DEBUG_INFO = NO;
				MTL_FAST_MATH = YES;
				SDKROOT = iphoneos;
				SWIFT_COMPILATION_MODE = wholemodule;
				SWIFT_OPTIMIZATION_LEVEL = "-O";
				VALIDATE_PRODUCT = YES;
			};
			name = Release;
		};
		1AFDFA81252B7DA700A30BFC /* Debug */ = {
			isa = XCBuildConfiguration;
			buildSettings = {
				ASSETCATALOG_COMPILER_APPICON_NAME = AppIcon;
				ASSETCATALOG_COMPILER_GLOBAL_ACCENT_COLOR_NAME = AccentColor;
				CODE_SIGN_STYLE = Automatic;
				DEVELOPMENT_TEAM = Y6722AVK8T;
				INFOPLIST_FILE = Ally/Info.plist;
				LD_RUNPATH_SEARCH_PATHS = (
					"$(inherited)",
					"@executable_path/Frameworks",
				);
				PRODUCT_BUNDLE_IDENTIFIER = au.com.jamesdale.Ally;
				PRODUCT_NAME = "$(TARGET_NAME)";
				SWIFT_VERSION = 5.0;
				TARGETED_DEVICE_FAMILY = 1;
			};
			name = Debug;
		};
		1AFDFA82252B7DA700A30BFC /* Release */ = {
			isa = XCBuildConfiguration;
			buildSettings = {
				ASSETCATALOG_COMPILER_APPICON_NAME = AppIcon;
				ASSETCATALOG_COMPILER_GLOBAL_ACCENT_COLOR_NAME = AccentColor;
				CODE_SIGN_STYLE = Automatic;
				DEVELOPMENT_TEAM = Y6722AVK8T;
				INFOPLIST_FILE = Ally/Info.plist;
				LD_RUNPATH_SEARCH_PATHS = (
					"$(inherited)",
					"@executable_path/Frameworks",
				);
				PRODUCT_BUNDLE_IDENTIFIER = au.com.jamesdale.Ally;
				PRODUCT_NAME = "$(TARGET_NAME)";
				SWIFT_VERSION = 5.0;
				TARGETED_DEVICE_FAMILY = 1;
			};
			name = Release;
		};
/* End XCBuildConfiguration section */

/* Begin XCConfigurationList section */
		1AFDFA67252B7DA600A30BFC /* Build configuration list for PBXProject "Ally" */ = {
			isa = XCConfigurationList;
			buildConfigurations = (
				1AFDFA7E252B7DA700A30BFC /* Debug */,
				1AFDFA7F252B7DA700A30BFC /* Release */,
			);
			defaultConfigurationIsVisible = 0;
			defaultConfigurationName = Release;
		};
		1AFDFA80252B7DA700A30BFC /* Build configuration list for PBXNativeTarget "Ally" */ = {
			isa = XCConfigurationList;
			buildConfigurations = (
				1AFDFA81252B7DA700A30BFC /* Debug */,
				1AFDFA82252B7DA700A30BFC /* Release */,
			);
			defaultConfigurationIsVisible = 0;
			defaultConfigurationName = Release;
		};
/* End XCConfigurationList section */
	};
	rootObject = 1AFDFA64252B7DA600A30BFC /* Project object */;
}
